
Microsoft Visual Studio Solution File, Format Version 12.00
# Visual Studio Version 17
VisualStudioVersion = 17.7.34018.315
MinimumVisualStudioVersion = 10.0.40219.1
Project("{FAE04EC0-301F-11D3-BF4B-00C04F79EFBC}") = "StartCreditMod", "StartCreditMod\StartCreditMod.csproj", "{3DF2D930-429F-42A9-8D35-CF93951E3F45}"
EndProject
Global
	GlobalSection(SolutionConfigurationPlatforms) = preSolution
		Debug|Any CPU = Debug|Any CPU
		Release|Any CPU = Release|Any CPU
	EndGlobalSection
	GlobalSection(ProjectConfigurationPlatforms) = postSolution
		{3DF2D930-429F-42A9-8D35-CF93951E3F45}.Debug|Any CPU.ActiveCfg = Debug|Any CPU
		{3DF2D930-429F-42A9-8D35-CF93951E3F45}.Debug|Any CPU.Build.0 = Debug|Any CPU
		{3DF2D930-429F-42A9-8D35-CF93951E3F45}.Release|Any CPU.ActiveCfg = Release|Any CPU
		{3DF2D930-429F-42A9-8D35-CF93951E3F45}.Release|Any CPU.Build.0 = Release|Any CPU
	EndGlobalSection
	GlobalSection(SolutionProperties) = preSolution
		HideSolutionNode = FALSE
	EndGlobalSection
	GlobalSection(ExtensibilityGlobals) = postSolution
		SolutionGuid = {0F11775E-1A2E-4D29-A284-E45118CE484C}
	EndGlobalSection
EndGlobal
